
Microsoft Visual Studio Solution File, Format Version 12.00
# Visual Studio Version 16
VisualStudioVersion = 16.0.31515.178
MinimumVisualStudioVersion = 10.0.40219.1
Project("{FAE04EC0-301F-11D3-BF4B-00C04F79EFBC}") = "non-ms-binaries", "non-ms-binaries\non-ms-binaries.csproj", "{CCF3398A-7EB2-43EA-8CF1-7D048E766866}"
EndProject
Global
	GlobalSection(SolutionConfigurationPlatforms) = preSolution
		Debug|Any CPU = Debug|Any CPU
		Release|Any CPU = Release|Any CPU
	EndGlobalSection
	GlobalSection(ProjectConfigurationPlatforms) = postSolution
		{CCF3398A-7EB2-43EA-8CF1-7D048E766866}.Debug|Any CPU.ActiveCfg = Debug|Any CPU
		{CCF3398A-7EB2-43EA-8CF1-7D048E766866}.Debug|Any CPU.Build.0 = Debug|Any CPU
		{CCF3398A-7EB2-43EA-8CF1-7D048E766866}.Release|Any CPU.ActiveCfg = Release|Any CPU
		{CCF3398A-7EB2-43EA-8CF1-7D048E766866}.Release|Any CPU.Build.0 = Release|Any CPU
	EndGlobalSection
	GlobalSection(SolutionProperties) = preSolution
		HideSolutionNode = FALSE
	EndGlobalSection
	GlobalSection(ExtensibilityGlobals) = postSolution
		SolutionGuid = {9324CA6C-EF26-4BB4-99DD-426FA129826E}
	EndGlobalSection
EndGlobal
